
Microsoft Visual Studio Solution File, Format Version 12.00
# Visual Studio Version 17
VisualStudioVersion = 17.8.34511.84
MinimumVisualStudioVersion = 10.0.40219.1
Project("{FAE04EC0-301F-11D3-BF4B-00C04F79EFBC}") = "Validate_Email", "Validate_Email\Validate_Email.csproj", "{9B2851A8-4552-4DB8-AA45-9092E4DD9E5E}"
EndProject
Project("{FAE04EC0-301F-11D3-BF4B-00C04F79EFBC}") = "Send_Email", "Send_Email\Send_Email.csproj", "{D121DF76-BFAA-44EF-B638-242A5FF1A31D}"
EndProject
Project("{FAE04EC0-301F-11D3-BF4B-00C04F79EFBC}") = "Sizeof_Datatype", "Sizeof_Datatype\Sizeof_Datatype.csproj", "{AF335F12-1A8E-4A89-9EC4-78C03AA5591E}"
EndProject
Global
	GlobalSection(SolutionConfigurationPlatforms) = preSolution
		Debug|Any CPU = Debug|Any CPU
		Release|Any CPU = Release|Any CPU
	EndGlobalSection
	GlobalSection(ProjectConfigurationPlatforms) = postSolution
		{9B2851A8-4552-4DB8-AA45-9092E4DD9E5E}.Debug|Any CPU.ActiveCfg = Debug|Any CPU
		{9B2851A8-4552-4DB8-AA45-9092E4DD9E5E}.Debug|Any CPU.Build.0 = Debug|Any CPU
		{9B2851A8-4552-4DB8-AA45-9092E4DD9E5E}.Release|Any CPU.ActiveCfg = Release|Any CPU
		{9B2851A8-4552-4DB8-AA45-9092E4DD9E5E}.Release|Any CPU.Build.0 = Release|Any CPU
		{D121DF76-BFAA-44EF-B638-242A5FF1A31D}.Debug|Any CPU.ActiveCfg = Debug|Any CPU
		{D121DF76-BFAA-44EF-B638-242A5FF1A31D}.Debug|Any CPU.Build.0 = Debug|Any CPU
		{D121DF76-BFAA-44EF-B638-242A5FF1A31D}.Release|Any CPU.ActiveCfg = Release|Any CPU
		{D121DF76-BFAA-44EF-B638-242A5FF1A31D}.Release|Any CPU.Build.0 = Release|Any CPU
		{AF335F12-1A8E-4A89-9EC4-78C03AA5591E}.Debug|Any CPU.ActiveCfg = Debug|Any CPU
		{AF335F12-1A8E-4A89-9EC4-78C03AA5591E}.Debug|Any CPU.Build.0 = Debug|Any CPU
		{AF335F12-1A8E-4A89-9EC4-78C03AA5591E}.Release|Any CPU.ActiveCfg = Release|Any CPU
		{AF335F12-1A8E-4A89-9EC4-78C03AA5591E}.Release|Any CPU.Build.0 = Release|Any CPU
	EndGlobalSection
	GlobalSection(SolutionProperties) = preSolution
		HideSolutionNode = FALSE
	EndGlobalSection
	GlobalSection(ExtensibilityGlobals) = postSolution
		SolutionGuid = {8689B216-F43F-4D37-8D07-42E0D3970965}
	EndGlobalSection
EndGlobal
